
Microsoft Visual Studio Solution File, Format Version 12.00
# Visual Studio Version 16
VisualStudioVersion = 16.0.30523.141
MinimumVisualStudioVersion = 10.0.40219.1
Project("{9A19103F-16F7-4668-BE54-9A1E7A4F7556}") = "WebApi", "DFOTest\WebApi.csproj", "{9A0D3E5F-EB42-4F87-8791-CAD813F07AE0}"
EndProject
Project("{9A19103F-16F7-4668-BE54-9A1E7A4F7556}") = "DFOTest.Entities", "DFOTest.Entities\DFOTest.Entities.csproj", "{79C80D5B-E5A6-41DD-BD4D-B25683433F8D}"
EndProject
Project("{9A19103F-16F7-4668-BE54-9A1E7A4F7556}") = "DFOTest.Infrastructure", "Infrastructure\DFOTest.Infrastructure.csproj", "{DD4716EC-5D15-4D09-9CA5-50DF9AF5EC45}"
EndProject
Project("{E24C65DC-7377-472B-9ABA-BC803B73C61A}") = "Web", "Web\", "{967B1774-FC41-4942-989D-2601DE71A8E1}"
	ProjectSection(WebsiteProperties) = preProject
		TargetFrameworkMoniker = ".NETFramework,Version%3Dv4.0"
		Debug.AspNetCompiler.VirtualPath = "/localhost_53442"
		Debug.AspNetCompiler.PhysicalPath = "Web\"
		Debug.AspNetCompiler.TargetPath = "PrecompiledWeb\localhost_53442\"
		Debug.AspNetCompiler.Updateable = "true"
		Debug.AspNetCompiler.ForceOverwrite = "true"
		Debug.AspNetCompiler.FixedNames = "false"
		Debug.AspNetCompiler.Debug = "True"
		Release.AspNetCompiler.VirtualPath = "/localhost_53442"
		Release.AspNetCompiler.PhysicalPath = "Web\"
		Release.AspNetCompiler.TargetPath = "PrecompiledWeb\localhost_53442\"
		Release.AspNetCompiler.Updateable = "true"
		Release.AspNetCompiler.ForceOverwrite = "true"
		Release.AspNetCompiler.FixedNames = "false"
		Release.AspNetCompiler.Debug = "False"
		VWDPort = "53442"
	EndProjectSection
EndProject
Global
	GlobalSection(SolutionConfigurationPlatforms) = preSolution
		Debug|Any CPU = Debug|Any CPU
		Release|Any CPU = Release|Any CPU
	EndGlobalSection
	GlobalSection(ProjectConfigurationPlatforms) = postSolution
		{9A0D3E5F-EB42-4F87-8791-CAD813F07AE0}.Debug|Any CPU.ActiveCfg = Debug|Any CPU
		{9A0D3E5F-EB42-4F87-8791-CAD813F07AE0}.Debug|Any CPU.Build.0 = Debug|Any CPU
		{9A0D3E5F-EB42-4F87-8791-CAD813F07AE0}.Release|Any CPU.ActiveCfg = Release|Any CPU
		{9A0D3E5F-EB42-4F87-8791-CAD813F07AE0}.Release|Any CPU.Build.0 = Release|Any CPU
		{79C80D5B-E5A6-41DD-BD4D-B25683433F8D}.Debug|Any CPU.ActiveCfg = Debug|Any CPU
		{79C80D5B-E5A6-41DD-BD4D-B25683433F8D}.Debug|Any CPU.Build.0 = Debug|Any CPU
		{79C80D5B-E5A6-41DD-BD4D-B25683433F8D}.Release|Any CPU.ActiveCfg = Release|Any CPU
		{79C80D5B-E5A6-41DD-BD4D-B25683433F8D}.Release|Any CPU.Build.0 = Release|Any CPU
		{DD4716EC-5D15-4D09-9CA5-50DF9AF5EC45}.Debug|Any CPU.ActiveCfg = Debug|Any CPU
		{DD4716EC-5D15-4D09-9CA5-50DF9AF5EC45}.Debug|Any CPU.Build.0 = Debug|Any CPU
		{DD4716EC-5D15-4D09-9CA5-50DF9AF5EC45}.Release|Any CPU.ActiveCfg = Release|Any CPU
		{DD4716EC-5D15-4D09-9CA5-50DF9AF5EC45}.Release|Any CPU.Build.0 = Release|Any CPU
		{967B1774-FC41-4942-989D-2601DE71A8E1}.Debug|Any CPU.ActiveCfg = Debug|Any CPU
		{967B1774-FC41-4942-989D-2601DE71A8E1}.Debug|Any CPU.Build.0 = Debug|Any CPU
		{967B1774-FC41-4942-989D-2601DE71A8E1}.Release|Any CPU.ActiveCfg = Debug|Any CPU
		{967B1774-FC41-4942-989D-2601DE71A8E1}.Release|Any CPU.Build.0 = Debug|Any CPU
	EndGlobalSection
	GlobalSection(SolutionProperties) = preSolution
		HideSolutionNode = FALSE
	EndGlobalSection
	GlobalSection(ExtensibilityGlobals) = postSolution
		SolutionGuid = {7D4E167B-15A2-4098-A0C6-61A295F160D7}
	EndGlobalSection
EndGlobal
